
Microsoft Visual Studio Solution File, Format Version 12.00
# Visual Studio Version 16
VisualStudioVersion = 16.0.35325.158
MinimumVisualStudioVersion = 10.0.40219.1
Project("{FAE04EC0-301F-11D3-BF4B-00C04F79EFBC}") = "ConstructorAssignmentModelAnswer", "ConstructorAssignmentModelAnswer\ConstructorAssignmentModelAnswer.csproj", "{FD743ADA-E1D3-4B63-9CD8-E19C193D803A}"
EndProject
Global
	GlobalSection(SolutionConfigurationPlatforms) = preSolution
		Debug|Any CPU = Debug|Any CPU
		Release|Any CPU = Release|Any CPU
	EndGlobalSection
	GlobalSection(ProjectConfigurationPlatforms) = postSolution
		{FD743ADA-E1D3-4B63-9CD8-E19C193D803A}.Debug|Any CPU.ActiveCfg = Debug|Any CPU
		{FD743ADA-E1D3-4B63-9CD8-E19C193D803A}.Debug|Any CPU.Build.0 = Debug|Any CPU
		{FD743ADA-E1D3-4B63-9CD8-E19C193D803A}.Release|Any CPU.ActiveCfg = Release|Any CPU
		{FD743ADA-E1D3-4B63-9CD8-E19C193D803A}.Release|Any CPU.Build.0 = Release|Any CPU
	EndGlobalSection
	GlobalSection(SolutionProperties) = preSolution
		HideSolutionNode = FALSE
	EndGlobalSection
	GlobalSection(ExtensibilityGlobals) = postSolution
		SolutionGuid = {1B9F0CFD-3AE7-41A5-8A0B-5527FC0D778B}
	EndGlobalSection
EndGlobal
