
Microsoft Visual Studio Solution File, Format Version 12.00
# Visual Studio Version 16
VisualStudioVersion = 16.0.35229.62
MinimumVisualStudioVersion = 10.0.40219.1
Project("{FAE04EC0-301F-11D3-BF4B-00C04F79EFBC}") = "ConditionStatementsChallenge", "ConditionStatementsChallenge\ConditionStatementsChallenge.csproj", "{CD6E55BA-9419-428C-A706-8130BBCCAEFD}"
EndProject
Global
	GlobalSection(SolutionConfigurationPlatforms) = preSolution
		Debug|Any CPU = Debug|Any CPU
		Release|Any CPU = Release|Any CPU
	EndGlobalSection
	GlobalSection(ProjectConfigurationPlatforms) = postSolution
		{CD6E55BA-9419-428C-A706-8130BBCCAEFD}.Debug|Any CPU.ActiveCfg = Debug|Any CPU
		{CD6E55BA-9419-428C-A706-8130BBCCAEFD}.Debug|Any CPU.Build.0 = Debug|Any CPU
		{CD6E55BA-9419-428C-A706-8130BBCCAEFD}.Release|Any CPU.ActiveCfg = Release|Any CPU
		{CD6E55BA-9419-428C-A706-8130BBCCAEFD}.Release|Any CPU.Build.0 = Release|Any CPU
	EndGlobalSection
	GlobalSection(SolutionProperties) = preSolution
		HideSolutionNode = FALSE
	EndGlobalSection
	GlobalSection(ExtensibilityGlobals) = postSolution
		SolutionGuid = {0D9D2DD0-8667-411E-B00E-2E57C60391F8}
	EndGlobalSection
EndGlobal
