
Microsoft Visual Studio Solution File, Format Version 12.00
# Visual Studio Version 16
VisualStudioVersion = 16.0.35229.62
MinimumVisualStudioVersion = 10.0.40219.1
Project("{FAE04EC0-301F-11D3-BF4B-00C04F79EFBC}") = "Loops", "Loops\Loops.csproj", "{84364C0C-1841-416F-B03D-91EDEB658A9A}"
EndProject
Global
	GlobalSection(SolutionConfigurationPlatforms) = preSolution
		Debug|Any CPU = Debug|Any CPU
		Release|Any CPU = Release|Any CPU
	EndGlobalSection
	GlobalSection(ProjectConfigurationPlatforms) = postSolution
		{84364C0C-1841-416F-B03D-91EDEB658A9A}.Debug|Any CPU.ActiveCfg = Debug|Any CPU
		{84364C0C-1841-416F-B03D-91EDEB658A9A}.Debug|Any CPU.Build.0 = Debug|Any CPU
		{84364C0C-1841-416F-B03D-91EDEB658A9A}.Release|Any CPU.ActiveCfg = Release|Any CPU
		{84364C0C-1841-416F-B03D-91EDEB658A9A}.Release|Any CPU.Build.0 = Release|Any CPU
	EndGlobalSection
	GlobalSection(SolutionProperties) = preSolution
		HideSolutionNode = FALSE
	EndGlobalSection
	GlobalSection(ExtensibilityGlobals) = postSolution
		SolutionGuid = {5E13A149-EA41-4309-9693-78D69EAB79A1}
	EndGlobalSection
EndGlobal
