
Microsoft Visual Studio Solution File, Format Version 12.00
# Visual Studio Version 16
VisualStudioVersion = 16.0.35325.158
MinimumVisualStudioVersion = 10.0.40219.1
Project("{FAE04EC0-301F-11D3-BF4B-00C04F79EFBC}") = "MainMethodAssignment", "MainMethodAssignment\MainMethodAssignment.csproj", "{C7372A35-99F9-41A1-83AB-326742C25AB4}"
EndProject
Global
	GlobalSection(SolutionConfigurationPlatforms) = preSolution
		Debug|Any CPU = Debug|Any CPU
		Release|Any CPU = Release|Any CPU
	EndGlobalSection
	GlobalSection(ProjectConfigurationPlatforms) = postSolution
		{C7372A35-99F9-41A1-83AB-326742C25AB4}.Debug|Any CPU.ActiveCfg = Debug|Any CPU
		{C7372A35-99F9-41A1-83AB-326742C25AB4}.Debug|Any CPU.Build.0 = Debug|Any CPU
		{C7372A35-99F9-41A1-83AB-326742C25AB4}.Release|Any CPU.ActiveCfg = Release|Any CPU
		{C7372A35-99F9-41A1-83AB-326742C25AB4}.Release|Any CPU.Build.0 = Release|Any CPU
	EndGlobalSection
	GlobalSection(SolutionProperties) = preSolution
		HideSolutionNode = FALSE
	EndGlobalSection
	GlobalSection(ExtensibilityGlobals) = postSolution
		SolutionGuid = {D39D8395-DD7D-4F8E-AEB4-6A1D7138F4B6}
	EndGlobalSection
EndGlobal
